
Microsoft Visual Studio Solution File, Format Version 12.00
# Visual Studio Version 17
VisualStudioVersion = 17.4.33213.308
MinimumVisualStudioVersion = 10.0.40219.1
Project("{FAE04EC0-301F-11D3-BF4B-00C04F79EFBC}") = "Sixteen_Segment_Display", "Sixteen_Segment_Display\Sixteen_Segment_Display.csproj", "{CAD4A3B3-E02F-4B9C-83DC-7388106C7732}"
EndProject
Global
	GlobalSection(SolutionConfigurationPlatforms) = preSolution
		Debug|Any CPU = Debug|Any CPU
		Release|Any CPU = Release|Any CPU
	EndGlobalSection
	GlobalSection(ProjectConfigurationPlatforms) = postSolution
		{CAD4A3B3-E02F-4B9C-83DC-7388106C7732}.Debug|Any CPU.ActiveCfg = Debug|Any CPU
		{CAD4A3B3-E02F-4B9C-83DC-7388106C7732}.Debug|Any CPU.Build.0 = Debug|Any CPU
		{CAD4A3B3-E02F-4B9C-83DC-7388106C7732}.Release|Any CPU.ActiveCfg = Release|Any CPU
		{CAD4A3B3-E02F-4B9C-83DC-7388106C7732}.Release|Any CPU.Build.0 = Release|Any CPU
	EndGlobalSection
	GlobalSection(SolutionProperties) = preSolution
		HideSolutionNode = FALSE
	EndGlobalSection
	GlobalSection(ExtensibilityGlobals) = postSolution
		SolutionGuid = {D442F8F4-B031-4B42-ADC4-27ACDD8B96B7}
	EndGlobalSection
EndGlobal
